{
  "name": "@kuriv/upgrade-your-browser",
  "version": "1.0.5",
  "lockfileVersion": 1,
  "requires": true,
  "dependencies": {
    "@kuriv/normalize": {
      "version": "1.0.5",
      "resolved": "https://registry.npm.taobao.org/@kuriv/normalize/download/@kuriv/normalize-1.0.5.tgz",
      "integrity": "sha1-sLJPFvGX5x92LhVIyLvG9+Ep/nY="
    }
  }
}
